
Microsoft Visual Studio Solution File, Format Version 12.00
Project("{FAE04EC0-301F-11D3-BF4B-00C04F79EFBC}") = "GlobalSetting.Api", "src\GlobalSetting.Api\GlobalSetting.Api.csproj", "{57B8CBD8-4CB0-41DF-8A84-FB5805A630F8}"
EndProject
Project("{2150E333-8FDC-42A3-9474-1A3956D46DE8}") = "src", "src", "{7647058E-D1AB-4B09-A532-63499BF162D8}"
EndProject
Project("{2150E333-8FDC-42A3-9474-1A3956D46DE8}") = "tests", "tests", "{9F2B1FE5-0D5E-4A07-8AC3-23FCC5C8595D}"
EndProject
Project("{2150E333-8FDC-42A3-9474-1A3956D46DE8}") = "Common", "Common", "{A58C62CC-9C10-4433-BBC8-6B3257573D41}"
EndProject
Project("{2150E333-8FDC-42A3-9474-1A3956D46DE8}") = "Core", "Core", "{F3060203-8AB7-405C-8B18-FEF7A4B6D72E}"
EndProject
Project("{2150E333-8FDC-42A3-9474-1A3956D46DE8}") = "Infrastructure", "Infrastructure", "{2BE660EE-CDB0-4F42-B043-C3DE818E1904}"
EndProject
Project("{2150E333-8FDC-42A3-9474-1A3956D46DE8}") = "Migrators", "Migrators", "{1E87F3D8-BA0E-4D6F-AD55-91B0958DFAE7}"
EndProject
Project("{FAE04EC0-301F-11D3-BF4B-00C04F79EFBC}") = "Common", "src\shared\common\Common.csproj", "{6326B274-0C54-4840-B81C-3E74365F36F9}"
EndProject
Project("{FAE04EC0-301F-11D3-BF4B-00C04F79EFBC}") = "Domain", "src\Domain\Domain.csproj", "{F73EF0F3-032B-4B2E-846F-131838D8F328}"
EndProject
Project("{FAE04EC0-301F-11D3-BF4B-00C04F79EFBC}") = "Application", "src\Application\Application.csproj", "{251F33AC-ACEF-408B-A74F-71885B4F0230}"
EndProject
Project("{FAE04EC0-301F-11D3-BF4B-00C04F79EFBC}") = "Infrastructure", "src\Infrastructure\Infrastructure.csproj", "{7A5E778C-BF06-45EF-8ACC-BE34DBF55308}"
EndProject
Project("{FAE04EC0-301F-11D3-BF4B-00C04F79EFBC}") = "Persistence", "src\Persistence\Persistence.csproj", "{07ED9DFA-54AA-4D4B-895D-CFE3A823B44C}"
EndProject
Project("{FAE04EC0-301F-11D3-BF4B-00C04F79EFBC}") = "MSSql", "src\MSSql\MSSql.csproj", "{4E92080E-D888-488B-9A24-B16FE520D666}"
EndProject
Project("{FAE04EC0-301F-11D3-BF4B-00C04F79EFBC}") = "Wallet.Integration.Tests", "tests\Wallet.Integration.Tests\Wallet.Integration.Tests.csproj", "{452893ED-B578-4A25-BB21-0CA80075E6A3}"
EndProject
Project("{FAE04EC0-301F-11D3-BF4B-00C04F79EFBC}") = "Auditing", "src\Auditing\Auditing.csproj", "{6FD22F9A-3628-4603-AD29-EA4D07BC56DD}"
EndProject
Global
	GlobalSection(SolutionConfigurationPlatforms) = preSolution
		Debug|Any CPU = Debug|Any CPU
		Release|Any CPU = Release|Any CPU
	EndGlobalSection
	GlobalSection(ProjectConfigurationPlatforms) = postSolution
		{57B8CBD8-4CB0-41DF-8A84-FB5805A630F8}.Debug|Any CPU.ActiveCfg = Debug|Any CPU
		{57B8CBD8-4CB0-41DF-8A84-FB5805A630F8}.Debug|Any CPU.Build.0 = Debug|Any CPU
		{57B8CBD8-4CB0-41DF-8A84-FB5805A630F8}.Release|Any CPU.ActiveCfg = Release|Any CPU
		{57B8CBD8-4CB0-41DF-8A84-FB5805A630F8}.Release|Any CPU.Build.0 = Release|Any CPU
		{6326B274-0C54-4840-B81C-3E74365F36F9}.Debug|Any CPU.ActiveCfg = Debug|Any CPU
		{6326B274-0C54-4840-B81C-3E74365F36F9}.Debug|Any CPU.Build.0 = Debug|Any CPU
		{6326B274-0C54-4840-B81C-3E74365F36F9}.Release|Any CPU.ActiveCfg = Release|Any CPU
		{6326B274-0C54-4840-B81C-3E74365F36F9}.Release|Any CPU.Build.0 = Release|Any CPU
		{F73EF0F3-032B-4B2E-846F-131838D8F328}.Debug|Any CPU.ActiveCfg = Debug|Any CPU
		{F73EF0F3-032B-4B2E-846F-131838D8F328}.Debug|Any CPU.Build.0 = Debug|Any CPU
		{F73EF0F3-032B-4B2E-846F-131838D8F328}.Release|Any CPU.ActiveCfg = Release|Any CPU
		{F73EF0F3-032B-4B2E-846F-131838D8F328}.Release|Any CPU.Build.0 = Release|Any CPU
		{251F33AC-ACEF-408B-A74F-71885B4F0230}.Debug|Any CPU.ActiveCfg = Debug|Any CPU
		{251F33AC-ACEF-408B-A74F-71885B4F0230}.Debug|Any CPU.Build.0 = Debug|Any CPU
		{251F33AC-ACEF-408B-A74F-71885B4F0230}.Release|Any CPU.ActiveCfg = Release|Any CPU
		{251F33AC-ACEF-408B-A74F-71885B4F0230}.Release|Any CPU.Build.0 = Release|Any CPU
		{7A5E778C-BF06-45EF-8ACC-BE34DBF55308}.Debug|Any CPU.ActiveCfg = Debug|Any CPU
		{7A5E778C-BF06-45EF-8ACC-BE34DBF55308}.Debug|Any CPU.Build.0 = Debug|Any CPU
		{7A5E778C-BF06-45EF-8ACC-BE34DBF55308}.Release|Any CPU.ActiveCfg = Release|Any CPU
		{7A5E778C-BF06-45EF-8ACC-BE34DBF55308}.Release|Any CPU.Build.0 = Release|Any CPU
		{07ED9DFA-54AA-4D4B-895D-CFE3A823B44C}.Debug|Any CPU.ActiveCfg = Debug|Any CPU
		{07ED9DFA-54AA-4D4B-895D-CFE3A823B44C}.Debug|Any CPU.Build.0 = Debug|Any CPU
		{07ED9DFA-54AA-4D4B-895D-CFE3A823B44C}.Release|Any CPU.ActiveCfg = Release|Any CPU
		{07ED9DFA-54AA-4D4B-895D-CFE3A823B44C}.Release|Any CPU.Build.0 = Release|Any CPU
		{4E92080E-D888-488B-9A24-B16FE520D666}.Debug|Any CPU.ActiveCfg = Debug|Any CPU
		{4E92080E-D888-488B-9A24-B16FE520D666}.Debug|Any CPU.Build.0 = Debug|Any CPU
		{4E92080E-D888-488B-9A24-B16FE520D666}.Release|Any CPU.ActiveCfg = Release|Any CPU
		{4E92080E-D888-488B-9A24-B16FE520D666}.Release|Any CPU.Build.0 = Release|Any CPU
		{452893ED-B578-4A25-BB21-0CA80075E6A3}.Debug|Any CPU.ActiveCfg = Debug|Any CPU
		{452893ED-B578-4A25-BB21-0CA80075E6A3}.Debug|Any CPU.Build.0 = Debug|Any CPU
		{452893ED-B578-4A25-BB21-0CA80075E6A3}.Release|Any CPU.ActiveCfg = Release|Any CPU
		{452893ED-B578-4A25-BB21-0CA80075E6A3}.Release|Any CPU.Build.0 = Release|Any CPU
		{6FD22F9A-3628-4603-AD29-EA4D07BC56DD}.Debug|Any CPU.ActiveCfg = Debug|Any CPU
		{6FD22F9A-3628-4603-AD29-EA4D07BC56DD}.Debug|Any CPU.Build.0 = Debug|Any CPU
		{6FD22F9A-3628-4603-AD29-EA4D07BC56DD}.Release|Any CPU.ActiveCfg = Release|Any CPU
		{6FD22F9A-3628-4603-AD29-EA4D07BC56DD}.Release|Any CPU.Build.0 = Release|Any CPU
	EndGlobalSection
	GlobalSection(NestedProjects) = preSolution
		{57B8CBD8-4CB0-41DF-8A84-FB5805A630F8} = {7647058E-D1AB-4B09-A532-63499BF162D8}
		{A58C62CC-9C10-4433-BBC8-6B3257573D41} = {7647058E-D1AB-4B09-A532-63499BF162D8}
		{F3060203-8AB7-405C-8B18-FEF7A4B6D72E} = {7647058E-D1AB-4B09-A532-63499BF162D8}
		{2BE660EE-CDB0-4F42-B043-C3DE818E1904} = {7647058E-D1AB-4B09-A532-63499BF162D8}
		{1E87F3D8-BA0E-4D6F-AD55-91B0958DFAE7} = {7647058E-D1AB-4B09-A532-63499BF162D8}
		{6326B274-0C54-4840-B81C-3E74365F36F9} = {A58C62CC-9C10-4433-BBC8-6B3257573D41}
		{F73EF0F3-032B-4B2E-846F-131838D8F328} = {F3060203-8AB7-405C-8B18-FEF7A4B6D72E}
		{251F33AC-ACEF-408B-A74F-71885B4F0230} = {F3060203-8AB7-405C-8B18-FEF7A4B6D72E}
		{7A5E778C-BF06-45EF-8ACC-BE34DBF55308} = {2BE660EE-CDB0-4F42-B043-C3DE818E1904}
		{07ED9DFA-54AA-4D4B-895D-CFE3A823B44C} = {2BE660EE-CDB0-4F42-B043-C3DE818E1904}
		{4E92080E-D888-488B-9A24-B16FE520D666} = {1E87F3D8-BA0E-4D6F-AD55-91B0958DFAE7}
		{452893ED-B578-4A25-BB21-0CA80075E6A3} = {9F2B1FE5-0D5E-4A07-8AC3-23FCC5C8595D}
		{6FD22F9A-3628-4603-AD29-EA4D07BC56DD} = {A58C62CC-9C10-4433-BBC8-6B3257573D41}
	EndGlobalSection
EndGlobal
